
Microsoft Visual Studio Solution File, Format Version 12.00
# Visual Studio Version 17
VisualStudioVersion = 17.14.36310.24
MinimumVisualStudioVersion = 10.0.40219.1
Project("{2150E333-8FDC-42A3-9474-1A3956D46DE8}") = "src", "src", "{827E0CD3-B72D-47B6-A68D-7590B98EB39B}"
EndProject
Project("{FAE04EC0-301F-11D3-BF4B-00C04F79EFBC}") = "Domain", "src\Domain\Domain.csproj", "{F357FB7B-92BA-4F4F-B756-140A63789561}"
EndProject
Project("{FAE04EC0-301F-11D3-BF4B-00C04F79EFBC}") = "Application", "src\Application\Application.csproj", "{F776EE4B-5B27-41F0-93D6-5437124B143F}"
EndProject
Project("{FAE04EC0-301F-11D3-BF4B-00C04F79EFBC}") = "Infrastructure", "src\Infrastructure\Infrastructure.csproj", "{1013A0AD-398E-4BD6-A25D-F2B4351AA35A}"
EndProject
Project("{FAE04EC0-301F-11D3-BF4B-00C04F79EFBC}") = "Configuration", "src\Configuration\Configuration.csproj", "{A0693B8A-B5BB-4D36-834B-A14E7CC97E14}"
EndProject
Project("{FAE04EC0-301F-11D3-BF4B-00C04F79EFBC}") = "Shared", "src\Shared\Shared.csproj", "{8A04A4D0-DCA1-4990-BC2B-0FB4C65EA044}"
EndProject
Project("{FAE04EC0-301F-11D3-BF4B-00C04F79EFBC}") = "Api", "src\Api\Api.csproj", "{755778C1-B81C-479A-B7F4-4035C6062C55}"
EndProject
Project("{2150E333-8FDC-42A3-9474-1A3956D46DE8}") = "Solution Items", "Solution Items", "{02EA681E-C7D8-13C7-8484-4AC65E1B71E8}"
	ProjectSection(SolutionItems) = preProject
		.editorconfig = .editorconfig
	EndProjectSection
EndProject
Global
	GlobalSection(SolutionConfigurationPlatforms) = preSolution
		Debug|Any CPU = Debug|Any CPU
		Debug|x64 = Debug|x64
		Debug|x86 = Debug|x86
		Release|Any CPU = Release|Any CPU
		Release|x64 = Release|x64
		Release|x86 = Release|x86
	EndGlobalSection
	GlobalSection(ProjectConfigurationPlatforms) = postSolution
		{F357FB7B-92BA-4F4F-B756-140A63789561}.Debug|Any CPU.ActiveCfg = Debug|Any CPU
		{F357FB7B-92BA-4F4F-B756-140A63789561}.Debug|Any CPU.Build.0 = Debug|Any CPU
		{F357FB7B-92BA-4F4F-B756-140A63789561}.Debug|x64.ActiveCfg = Debug|Any CPU
		{F357FB7B-92BA-4F4F-B756-140A63789561}.Debug|x64.Build.0 = Debug|Any CPU
		{F357FB7B-92BA-4F4F-B756-140A63789561}.Debug|x86.ActiveCfg = Debug|Any CPU
		{F357FB7B-92BA-4F4F-B756-140A63789561}.Debug|x86.Build.0 = Debug|Any CPU
		{F357FB7B-92BA-4F4F-B756-140A63789561}.Release|Any CPU.ActiveCfg = Release|Any CPU
		{F357FB7B-92BA-4F4F-B756-140A63789561}.Release|Any CPU.Build.0 = Release|Any CPU
		{F357FB7B-92BA-4F4F-B756-140A63789561}.Release|x64.ActiveCfg = Release|Any CPU
		{F357FB7B-92BA-4F4F-B756-140A63789561}.Release|x64.Build.0 = Release|Any CPU
		{F357FB7B-92BA-4F4F-B756-140A63789561}.Release|x86.ActiveCfg = Release|Any CPU
		{F357FB7B-92BA-4F4F-B756-140A63789561}.Release|x86.Build.0 = Release|Any CPU
		{F776EE4B-5B27-41F0-93D6-5437124B143F}.Debug|Any CPU.ActiveCfg = Debug|Any CPU
		{F776EE4B-5B27-41F0-93D6-5437124B143F}.Debug|Any CPU.Build.0 = Debug|Any CPU
		{F776EE4B-5B27-41F0-93D6-5437124B143F}.Debug|x64.ActiveCfg = Debug|Any CPU
		{F776EE4B-5B27-41F0-93D6-5437124B143F}.Debug|x64.Build.0 = Debug|Any CPU
		{F776EE4B-5B27-41F0-93D6-5437124B143F}.Debug|x86.ActiveCfg = Debug|Any CPU
		{F776EE4B-5B27-41F0-93D6-5437124B143F}.Debug|x86.Build.0 = Debug|Any CPU
		{F776EE4B-5B27-41F0-93D6-5437124B143F}.Release|Any CPU.ActiveCfg = Release|Any CPU
		{F776EE4B-5B27-41F0-93D6-5437124B143F}.Release|Any CPU.Build.0 = Release|Any CPU
		{F776EE4B-5B27-41F0-93D6-5437124B143F}.Release|x64.ActiveCfg = Release|Any CPU
		{F776EE4B-5B27-41F0-93D6-5437124B143F}.Release|x64.Build.0 = Release|Any CPU
		{F776EE4B-5B27-41F0-93D6-5437124B143F}.Release|x86.ActiveCfg = Release|Any CPU
		{F776EE4B-5B27-41F0-93D6-5437124B143F}.Release|x86.Build.0 = Release|Any CPU
		{1013A0AD-398E-4BD6-A25D-F2B4351AA35A}.Debug|Any CPU.ActiveCfg = Debug|Any CPU
		{1013A0AD-398E-4BD6-A25D-F2B4351AA35A}.Debug|Any CPU.Build.0 = Debug|Any CPU
		{1013A0AD-398E-4BD6-A25D-F2B4351AA35A}.Debug|x64.ActiveCfg = Debug|Any CPU
		{1013A0AD-398E-4BD6-A25D-F2B4351AA35A}.Debug|x64.Build.0 = Debug|Any CPU
		{1013A0AD-398E-4BD6-A25D-F2B4351AA35A}.Debug|x86.ActiveCfg = Debug|Any CPU
		{1013A0AD-398E-4BD6-A25D-F2B4351AA35A}.Debug|x86.Build.0 = Debug|Any CPU
		{1013A0AD-398E-4BD6-A25D-F2B4351AA35A}.Release|Any CPU.ActiveCfg = Release|Any CPU
		{1013A0AD-398E-4BD6-A25D-F2B4351AA35A}.Release|Any CPU.Build.0 = Release|Any CPU
		{1013A0AD-398E-4BD6-A25D-F2B4351AA35A}.Release|x64.ActiveCfg = Release|Any CPU
		{1013A0AD-398E-4BD6-A25D-F2B4351AA35A}.Release|x64.Build.0 = Release|Any CPU
		{1013A0AD-398E-4BD6-A25D-F2B4351AA35A}.Release|x86.ActiveCfg = Release|Any CPU
		{1013A0AD-398E-4BD6-A25D-F2B4351AA35A}.Release|x86.Build.0 = Release|Any CPU
		{A0693B8A-B5BB-4D36-834B-A14E7CC97E14}.Debug|Any CPU.ActiveCfg = Debug|Any CPU
		{A0693B8A-B5BB-4D36-834B-A14E7CC97E14}.Debug|Any CPU.Build.0 = Debug|Any CPU
		{A0693B8A-B5BB-4D36-834B-A14E7CC97E14}.Debug|x64.ActiveCfg = Debug|Any CPU
		{A0693B8A-B5BB-4D36-834B-A14E7CC97E14}.Debug|x64.Build.0 = Debug|Any CPU
		{A0693B8A-B5BB-4D36-834B-A14E7CC97E14}.Debug|x86.ActiveCfg = Debug|Any CPU
		{A0693B8A-B5BB-4D36-834B-A14E7CC97E14}.Debug|x86.Build.0 = Debug|Any CPU
		{A0693B8A-B5BB-4D36-834B-A14E7CC97E14}.Release|Any CPU.ActiveCfg = Release|Any CPU
		{A0693B8A-B5BB-4D36-834B-A14E7CC97E14}.Release|Any CPU.Build.0 = Release|Any CPU
		{A0693B8A-B5BB-4D36-834B-A14E7CC97E14}.Release|x64.ActiveCfg = Release|Any CPU
		{A0693B8A-B5BB-4D36-834B-A14E7CC97E14}.Release|x64.Build.0 = Release|Any CPU
		{A0693B8A-B5BB-4D36-834B-A14E7CC97E14}.Release|x86.ActiveCfg = Release|Any CPU
		{A0693B8A-B5BB-4D36-834B-A14E7CC97E14}.Release|x86.Build.0 = Release|Any CPU
		{8A04A4D0-DCA1-4990-BC2B-0FB4C65EA044}.Debug|Any CPU.ActiveCfg = Debug|Any CPU
		{8A04A4D0-DCA1-4990-BC2B-0FB4C65EA044}.Debug|Any CPU.Build.0 = Debug|Any CPU
		{8A04A4D0-DCA1-4990-BC2B-0FB4C65EA044}.Debug|x64.ActiveCfg = Debug|Any CPU
		{8A04A4D0-DCA1-4990-BC2B-0FB4C65EA044}.Debug|x64.Build.0 = Debug|Any CPU
		{8A04A4D0-DCA1-4990-BC2B-0FB4C65EA044}.Debug|x86.ActiveCfg = Debug|Any CPU
		{8A04A4D0-DCA1-4990-BC2B-0FB4C65EA044}.Debug|x86.Build.0 = Debug|Any CPU
		{8A04A4D0-DCA1-4990-BC2B-0FB4C65EA044}.Release|Any CPU.ActiveCfg = Release|Any CPU
		{8A04A4D0-DCA1-4990-BC2B-0FB4C65EA044}.Release|Any CPU.Build.0 = Release|Any CPU
		{8A04A4D0-DCA1-4990-BC2B-0FB4C65EA044}.Release|x64.ActiveCfg = Release|Any CPU
		{8A04A4D0-DCA1-4990-BC2B-0FB4C65EA044}.Release|x64.Build.0 = Release|Any CPU
		{8A04A4D0-DCA1-4990-BC2B-0FB4C65EA044}.Release|x86.ActiveCfg = Release|Any CPU
		{8A04A4D0-DCA1-4990-BC2B-0FB4C65EA044}.Release|x86.Build.0 = Release|Any CPU
		{755778C1-B81C-479A-B7F4-4035C6062C55}.Debug|Any CPU.ActiveCfg = Debug|Any CPU
		{755778C1-B81C-479A-B7F4-4035C6062C55}.Debug|Any CPU.Build.0 = Debug|Any CPU
		{755778C1-B81C-479A-B7F4-4035C6062C55}.Debug|x64.ActiveCfg = Debug|Any CPU
		{755778C1-B81C-479A-B7F4-4035C6062C55}.Debug|x64.Build.0 = Debug|Any CPU
		{755778C1-B81C-479A-B7F4-4035C6062C55}.Debug|x86.ActiveCfg = Debug|Any CPU
		{755778C1-B81C-479A-B7F4-4035C6062C55}.Debug|x86.Build.0 = Debug|Any CPU
		{755778C1-B81C-479A-B7F4-4035C6062C55}.Release|Any CPU.ActiveCfg = Release|Any CPU
		{755778C1-B81C-479A-B7F4-4035C6062C55}.Release|Any CPU.Build.0 = Release|Any CPU
		{755778C1-B81C-479A-B7F4-4035C6062C55}.Release|x64.ActiveCfg = Release|Any CPU
		{755778C1-B81C-479A-B7F4-4035C6062C55}.Release|x64.Build.0 = Release|Any CPU
		{755778C1-B81C-479A-B7F4-4035C6062C55}.Release|x86.ActiveCfg = Release|Any CPU
		{755778C1-B81C-479A-B7F4-4035C6062C55}.Release|x86.Build.0 = Release|Any CPU
	EndGlobalSection
	GlobalSection(SolutionProperties) = preSolution
		HideSolutionNode = FALSE
	EndGlobalSection
	GlobalSection(NestedProjects) = preSolution
		{F357FB7B-92BA-4F4F-B756-140A63789561} = {827E0CD3-B72D-47B6-A68D-7590B98EB39B}
		{F776EE4B-5B27-41F0-93D6-5437124B143F} = {827E0CD3-B72D-47B6-A68D-7590B98EB39B}
		{1013A0AD-398E-4BD6-A25D-F2B4351AA35A} = {827E0CD3-B72D-47B6-A68D-7590B98EB39B}
		{A0693B8A-B5BB-4D36-834B-A14E7CC97E14} = {827E0CD3-B72D-47B6-A68D-7590B98EB39B}
		{8A04A4D0-DCA1-4990-BC2B-0FB4C65EA044} = {827E0CD3-B72D-47B6-A68D-7590B98EB39B}
		{755778C1-B81C-479A-B7F4-4035C6062C55} = {827E0CD3-B72D-47B6-A68D-7590B98EB39B}
	EndGlobalSection
	GlobalSection(ExtensibilityGlobals) = postSolution
		SolutionGuid = {6D55B77D-2689-4720-9451-355C1BDD59EB}
	EndGlobalSection
EndGlobal
